
Microsoft Visual Studio Solution File, Format Version 12.00
# Visual Studio Version 16
VisualStudioVersion = 16.0.30114.105
MinimumVisualStudioVersion = 10.0.40219.1
Project("{FAE04EC0-301F-11D3-BF4B-00C04F79EFBC}") = "Api", "Api\Api.csproj", "{FF8BC20A-DBAB-4957-A1BF-BFAF773F41A8}"
EndProject
Project("{FAE04EC0-301F-11D3-BF4B-00C04F79EFBC}") = "Business", "Business\Business.csproj", "{2E43A19F-0C87-4F58-BA1D-A1220A73FDB4}"
EndProject
Global
	GlobalSection(SolutionConfigurationPlatforms) = preSolution
		Debug|Any CPU = Debug|Any CPU
		Release|Any CPU = Release|Any CPU
	EndGlobalSection
	GlobalSection(SolutionProperties) = preSolution
		HideSolutionNode = FALSE
	EndGlobalSection
	GlobalSection(ProjectConfigurationPlatforms) = postSolution
		{FF8BC20A-DBAB-4957-A1BF-BFAF773F41A8}.Debug|Any CPU.ActiveCfg = Debug|Any CPU
		{FF8BC20A-DBAB-4957-A1BF-BFAF773F41A8}.Debug|Any CPU.Build.0 = Debug|Any CPU
		{FF8BC20A-DBAB-4957-A1BF-BFAF773F41A8}.Release|Any CPU.ActiveCfg = Release|Any CPU
		{FF8BC20A-DBAB-4957-A1BF-BFAF773F41A8}.Release|Any CPU.Build.0 = Release|Any CPU
		{2E43A19F-0C87-4F58-BA1D-A1220A73FDB4}.Debug|Any CPU.ActiveCfg = Debug|Any CPU
		{2E43A19F-0C87-4F58-BA1D-A1220A73FDB4}.Debug|Any CPU.Build.0 = Debug|Any CPU
		{2E43A19F-0C87-4F58-BA1D-A1220A73FDB4}.Release|Any CPU.ActiveCfg = Release|Any CPU
		{2E43A19F-0C87-4F58-BA1D-A1220A73FDB4}.Release|Any CPU.Build.0 = Release|Any CPU
	EndGlobalSection
EndGlobal
